# This file is generated by running "yarn install" inside your project.
# Manual changes might be lost - proceed with caution!

__metadata:
  version: 6
  cacheKey: 8

"@purple-dot/browser@workspace:.":
  version: 0.0.0-use.local
  resolution: "@purple-dot/browser@workspace:."
  dependencies:
    "@tsconfig/recommended": ^1.0.2
    rome: 12.1.3-nightly.f65b0d9
    typescript: ^5.1.6
  languageName: unknown
  linkType: soft

"@rometools/cli-darwin-arm64@npm:12.1.3-nightly.f65b0d9":
  version: 12.1.3-nightly.f65b0d9
  resolution: "@rometools/cli-darwin-arm64@npm:12.1.3-nightly.f65b0d9"
  conditions: os=darwin & cpu=arm64
  languageName: node
  linkType: hard

"@rometools/cli-darwin-x64@npm:12.1.3-nightly.f65b0d9":
  version: 12.1.3-nightly.f65b0d9
  resolution: "@rometools/cli-darwin-x64@npm:12.1.3-nightly.f65b0d9"
  conditions: os=darwin & cpu=x64
  languageName: node
  linkType: hard

"@rometools/cli-linux-arm64@npm:12.1.3-nightly.f65b0d9":
  version: 12.1.3-nightly.f65b0d9
  resolution: "@rometools/cli-linux-arm64@npm:12.1.3-nightly.f65b0d9"
  conditions: os=linux & cpu=arm64
  languageName: node
  linkType: hard

"@rometools/cli-linux-x64@npm:12.1.3-nightly.f65b0d9":
  version: 12.1.3-nightly.f65b0d9
  resolution: "@rometools/cli-linux-x64@npm:12.1.3-nightly.f65b0d9"
  conditions: os=linux & cpu=x64
  languageName: node
  linkType: hard

"@rometools/cli-win32-arm64@npm:12.1.3-nightly.f65b0d9":
  version: 12.1.3-nightly.f65b0d9
  resolution: "@rometools/cli-win32-arm64@npm:12.1.3-nightly.f65b0d9"
  conditions: os=win32 & cpu=arm64
  languageName: node
  linkType: hard

"@rometools/cli-win32-x64@npm:12.1.3-nightly.f65b0d9":
  version: 12.1.3-nightly.f65b0d9
  resolution: "@rometools/cli-win32-x64@npm:12.1.3-nightly.f65b0d9"
  conditions: os=win32 & cpu=x64
  languageName: node
  linkType: hard

"@tsconfig/recommended@npm:^1.0.2":
  version: 1.0.2
  resolution: "@tsconfig/recommended@npm:1.0.2"
  checksum: 8dab26157fc9748ff2d090b95f4dbe2aeb592dbdcf90f373f712da5ac54ff24f66193e7ee68fdc45880e7f767cfeb339ef3e9970ca59608ef93225db047f0d16
  languageName: node
  linkType: hard

"rome@npm:12.1.3-nightly.f65b0d9":
  version: 12.1.3-nightly.f65b0d9
  resolution: "rome@npm:12.1.3-nightly.f65b0d9"
  dependencies:
    "@rometools/cli-darwin-arm64": 12.1.3-nightly.f65b0d9
    "@rometools/cli-darwin-x64": 12.1.3-nightly.f65b0d9
    "@rometools/cli-linux-arm64": 12.1.3-nightly.f65b0d9
    "@rometools/cli-linux-x64": 12.1.3-nightly.f65b0d9
    "@rometools/cli-win32-arm64": 12.1.3-nightly.f65b0d9
    "@rometools/cli-win32-x64": 12.1.3-nightly.f65b0d9
  dependenciesMeta:
    "@rometools/cli-darwin-arm64":
      optional: true
    "@rometools/cli-darwin-x64":
      optional: true
    "@rometools/cli-linux-arm64":
      optional: true
    "@rometools/cli-linux-x64":
      optional: true
    "@rometools/cli-win32-arm64":
      optional: true
    "@rometools/cli-win32-x64":
      optional: true
  bin:
    rome: bin/rome
  checksum: f4f2316892721e7dc5eea1fcfb5992f65533383704f0662a18a8ce320f046dc48cb8b37912020857b371ee0d7523af6bd6bd33930cc184c91ced43a209df05ba
  languageName: node
  linkType: hard

"typescript@npm:^5.1.6":
  version: 5.1.6
  resolution: "typescript@npm:5.1.6"
  bin:
    tsc: bin/tsc
    tsserver: bin/tsserver
  checksum: b2f2c35096035fe1f5facd1e38922ccb8558996331405eb00a5111cc948b2e733163cc22fab5db46992aba7dd520fff637f2c1df4996ff0e134e77d3249a7350
  languageName: node
  linkType: hard

"typescript@patch:typescript@^5.1.6#~builtin<compat/typescript>":
  version: 5.1.6
  resolution: "typescript@patch:typescript@npm%3A5.1.6#~builtin<compat/typescript>::version=5.1.6&hash=5da071"
  bin:
    tsc: bin/tsc
    tsserver: bin/tsserver
  checksum: f53bfe97f7c8b2b6d23cf572750d4e7d1e0c5fff1c36d859d0ec84556a827b8785077bc27676bf7e71fae538e517c3ecc0f37e7f593be913d884805d931bc8be
  languageName: node
  linkType: hard
